
Microsoft Visual Studio Solution File, Format Version 12.00
# Visual Studio 15
VisualStudioVersion = 15.0.28307.489
MinimumVisualStudioVersion = 10.0.40219.1
Project("{FAE04EC0-301F-11D3-BF4B-00C04F79EFBC}") = "NPCPerks", "NPCPerks\NPCPerks.csproj", "{D7A37BD7-ED0B-46D8-826E-8125F6CBA0C8}"
EndProject
Project("{2150E333-8FDC-42A3-9474-1A3956D46DE8}") = "Solution Items", "Solution Items", "{6B60E053-9121-4716-8F0A-467DE12E8ED5}"
	ProjectSection(SolutionItems) = preProject
		caracteristicas.cs = caracteristicas.cs
	EndProjectSection
EndProject
Global
	GlobalSection(SolutionConfigurationPlatforms) = preSolution
		Debug|Any CPU = Debug|Any CPU
		Release|Any CPU = Release|Any CPU
	EndGlobalSection
	GlobalSection(ProjectConfigurationPlatforms) = postSolution
		{D7A37BD7-ED0B-46D8-826E-8125F6CBA0C8}.Debug|Any CPU.ActiveCfg = Debug|Any CPU
		{D7A37BD7-ED0B-46D8-826E-8125F6CBA0C8}.Debug|Any CPU.Build.0 = Debug|Any CPU
		{D7A37BD7-ED0B-46D8-826E-8125F6CBA0C8}.Release|Any CPU.ActiveCfg = Release|Any CPU
		{D7A37BD7-ED0B-46D8-826E-8125F6CBA0C8}.Release|Any CPU.Build.0 = Release|Any CPU
	EndGlobalSection
	GlobalSection(SolutionProperties) = preSolution
		HideSolutionNode = FALSE
	EndGlobalSection
	GlobalSection(ExtensibilityGlobals) = postSolution
		SolutionGuid = {AE1C39C0-5372-4C28-80EC-04267AE7A499}
	EndGlobalSection
EndGlobal
